
Microsoft Visual Studio Solution File, Format Version 12.00
# Visual Studio Version 17
VisualStudioVersion = 17.11.35312.102
MinimumVisualStudioVersion = 10.0.40219.1
Project("{FAE04EC0-301F-11D3-BF4B-00C04F79EFBC}") = "PhoneBook_Осенников", "PhoneBook_Осенников.csproj", "{FE76461F-EEEE-4F0A-8755-7AE2010BB877}"
EndProject
Project("{FAE04EC0-301F-11D3-BF4B-00C04F79EFBC}") = "ClassModule", "ClassModule\ClassModule.csproj", "{20D1FCD0-7A45-4C3B-B5AA-9028A0C31265}"
EndProject
Project("{FAE04EC0-301F-11D3-BF4B-00C04F79EFBC}") = "ClassConnection", "ClassConnection\ClassConnection.csproj", "{53B197A6-F36D-41F9-BE88-DEBF7C246E91}"
EndProject
Global
	GlobalSection(SolutionConfigurationPlatforms) = preSolution
		Debug|Any CPU = Debug|Any CPU
		Release|Any CPU = Release|Any CPU
	EndGlobalSection
	GlobalSection(ProjectConfigurationPlatforms) = postSolution
		{FE76461F-EEEE-4F0A-8755-7AE2010BB877}.Debug|Any CPU.ActiveCfg = Debug|Any CPU
		{FE76461F-EEEE-4F0A-8755-7AE2010BB877}.Debug|Any CPU.Build.0 = Debug|Any CPU
		{FE76461F-EEEE-4F0A-8755-7AE2010BB877}.Release|Any CPU.ActiveCfg = Release|Any CPU
		{FE76461F-EEEE-4F0A-8755-7AE2010BB877}.Release|Any CPU.Build.0 = Release|Any CPU
		{20D1FCD0-7A45-4C3B-B5AA-9028A0C31265}.Debug|Any CPU.ActiveCfg = Debug|Any CPU
		{20D1FCD0-7A45-4C3B-B5AA-9028A0C31265}.Debug|Any CPU.Build.0 = Debug|Any CPU
		{20D1FCD0-7A45-4C3B-B5AA-9028A0C31265}.Release|Any CPU.ActiveCfg = Release|Any CPU
		{20D1FCD0-7A45-4C3B-B5AA-9028A0C31265}.Release|Any CPU.Build.0 = Release|Any CPU
		{53B197A6-F36D-41F9-BE88-DEBF7C246E91}.Debug|Any CPU.ActiveCfg = Debug|Any CPU
		{53B197A6-F36D-41F9-BE88-DEBF7C246E91}.Debug|Any CPU.Build.0 = Debug|Any CPU
		{53B197A6-F36D-41F9-BE88-DEBF7C246E91}.Release|Any CPU.ActiveCfg = Release|Any CPU
		{53B197A6-F36D-41F9-BE88-DEBF7C246E91}.Release|Any CPU.Build.0 = Release|Any CPU
	EndGlobalSection
	GlobalSection(SolutionProperties) = preSolution
		HideSolutionNode = FALSE
	EndGlobalSection
	GlobalSection(ExtensibilityGlobals) = postSolution
		SolutionGuid = {E37B41E4-8DD5-406B-A4E4-DD25B1009527}
	EndGlobalSection
EndGlobal
